<Project xmlns="http://schemas.microsoft.com/developer/msbuild/2003">
    <PropertyGroup>
        <ProjectGuid>{7F2A9C41-5B3D-4E86-A1C7-9D0E4F6B2A85}</ProjectGuid>
        <ProjectVersion>20.3</ProjectVersion>
        <FrameworkType>None</FrameworkType>
        <MainSource>A2AFederationDemo.dpr</MainSource>
        <Base>True</Base>
        <Config Condition="'$(Config)'==''">Release</Config>
        <Platform Condition="'$(Platform)'==''">Win64</Platform>
        <TargetedPlatforms>2</TargetedPlatforms>
        <AppType>Console</AppType>
    </PropertyGroup>
    <PropertyGroup Condition="'$(Config)'=='Base' or '$(Base)'!=''">
        <Base>true</Base>
    </PropertyGroup>
    <PropertyGroup Condition="('$(Platform)'=='Win64' and '$(Base)'=='true') or '$(Base_Win64)'!=''">
        <Base_Win64>true</Base_Win64>
        <CfgParent>Base</CfgParent>
        <Base>true</Base>
    </PropertyGroup>
    <PropertyGroup Condition="'$(Base)'!=''">
        <DCC_ExeOutput>.\$(Platform)\$(Config)</DCC_ExeOutput>
        <DCC_DcuOutput>.\$(Platform)\$(Config)</DCC_DcuOutput>
        <DCC_Namespace>System;Xml;Data;Datasnap;Web;Soap;Winapi;System.Win;$(DCC_Namespace)</DCC_Namespace>
        <DCC_UnitSearchPath>..\..\Source\Agents;..\..\Source\Core;..\..\Source\Chat;..\..\Source\Tools;..\..\Source\Utils;..\..\Source\Embeddings;..\..\Source\Resources;..\..\Source\MCPClient;..\..\Source\MCPServer;..\..\Source\Memory;$(DCC_UnitSearchPath)</DCC_UnitSearchPath>
        <DCC_Hints>false</DCC_Hints>
        <DCC_Warnings>false</DCC_Warnings>
    </PropertyGroup>
    <ItemGroup>
        <DelphiCompile Include="$(MainSource)">
            <MainSource>MainSource</MainSource>
        </DelphiCompile>
        <BuildConfiguration Include="Base">
            <Key>Base</Key>
        </BuildConfiguration>
        <BuildConfiguration Include="Release">
            <Key>Cfg_2</Key>
            <CfgParent>Base</CfgParent>
        </BuildConfiguration>
        <BuildConfiguration Include="Debug">
            <Key>Cfg_1</Key>
            <CfgParent>Base</CfgParent>
        </BuildConfiguration>
    </ItemGroup>
    <ProjectExtensions>
        <Borland.Personality>Delphi.Personality.12</Borland.Personality>
        <Borland.ProjectType>Application</Borland.ProjectType>
        <BorlandProject>
            <Delphi.Personality>
                <Source>
                    <Source Name="MainSource">A2AFederationDemo.dpr</Source>
                </Source>
            </Delphi.Personality>
            <Platforms>
                <Platform value="Win64">True</Platform>
            </Platforms>
        </BorlandProject>
    </ProjectExtensions>
    <Import Project="$(BDS)\Bin\CodeGear.Delphi.Targets" Condition="Exists('$(BDS)\Bin\CodeGear.Delphi.Targets')"/>
    <Import Project="$(MSBuildProjectName).deployproj" Condition="Exists('$(MSBuildProjectName).deployproj')"/>
</Project>
